
Microsoft Visual Studio Solution File, Format Version 12.00
# Visual Studio 15
VisualStudioVersion = 15.0.27703.2026
MinimumVisualStudioVersion = 10.0.40219.1
Project("{FAE04EC0-301F-11D3-BF4B-00C04F79EFBC}") = "GoogleHashCode2019.ConsoleNET", "GoogleHashCode2019.ConsoleNET\GoogleHashCode2019.ConsoleNET.csproj", "{A6E9B3AF-F0A5-4C09-B003-5F9DE9FBEDC2}"
EndProject
Project("{FAE04EC0-301F-11D3-BF4B-00C04F79EFBC}") = "GoogleHashCode2019.Tests", "GoogleHashCode2019.Tests\GoogleHashCode2019.Tests.csproj", "{8A7CF73E-42DD-4CF8-BC56-63F6AB58CB56}"
EndProject
Project("{FAE04EC0-301F-11D3-BF4B-00C04F79EFBC}") = "GoogleHashCode2019.ConsoleCore", "GoogleHashCode2019.ConsoleCore\GoogleHashCode2019.ConsoleCore.csproj", "{8390DC87-7B49-47F0-9446-552C6DE6367B}"
EndProject
Global
	GlobalSection(SolutionConfigurationPlatforms) = preSolution
		Debug|Any CPU = Debug|Any CPU
		Release|Any CPU = Release|Any CPU
	EndGlobalSection
	GlobalSection(ProjectConfigurationPlatforms) = postSolution
		{A6E9B3AF-F0A5-4C09-B003-5F9DE9FBEDC2}.Debug|Any CPU.ActiveCfg = Debug|Any CPU
		{A6E9B3AF-F0A5-4C09-B003-5F9DE9FBEDC2}.Debug|Any CPU.Build.0 = Debug|Any CPU
		{A6E9B3AF-F0A5-4C09-B003-5F9DE9FBEDC2}.Release|Any CPU.ActiveCfg = Release|Any CPU
		{A6E9B3AF-F0A5-4C09-B003-5F9DE9FBEDC2}.Release|Any CPU.Build.0 = Release|Any CPU
		{8A7CF73E-42DD-4CF8-BC56-63F6AB58CB56}.Debug|Any CPU.ActiveCfg = Debug|Any CPU
		{8A7CF73E-42DD-4CF8-BC56-63F6AB58CB56}.Debug|Any CPU.Build.0 = Debug|Any CPU
		{8A7CF73E-42DD-4CF8-BC56-63F6AB58CB56}.Release|Any CPU.ActiveCfg = Release|Any CPU
		{8A7CF73E-42DD-4CF8-BC56-63F6AB58CB56}.Release|Any CPU.Build.0 = Release|Any CPU
		{8390DC87-7B49-47F0-9446-552C6DE6367B}.Debug|Any CPU.ActiveCfg = Debug|Any CPU
		{8390DC87-7B49-47F0-9446-552C6DE6367B}.Debug|Any CPU.Build.0 = Debug|Any CPU
		{8390DC87-7B49-47F0-9446-552C6DE6367B}.Release|Any CPU.ActiveCfg = Release|Any CPU
		{8390DC87-7B49-47F0-9446-552C6DE6367B}.Release|Any CPU.Build.0 = Release|Any CPU
	EndGlobalSection
	GlobalSection(SolutionProperties) = preSolution
		HideSolutionNode = FALSE
	EndGlobalSection
	GlobalSection(ExtensibilityGlobals) = postSolution
		SolutionGuid = {7E24B546-647F-4BC1-8E1F-4A2E6A88FF7F}
	EndGlobalSection
EndGlobal
